
Microsoft Visual Studio Solution File, Format Version 12.00
# Visual Studio Version 16
VisualStudioVersion = 16.0.30114.105
MinimumVisualStudioVersion = 10.0.40219.1
Project("{FAE04EC0-301F-11D3-BF4B-00C04F79EFBC}") = "CalculatorApp", "src\CalculatorApp.csproj", "{51C88ACF-0D32-49EA-9431-1D586449A461}"
EndProject
Project("{FAE04EC0-301F-11D3-BF4B-00C04F79EFBC}") = "CalculatorApp.Test", "CalculatorApp.Test\CalculatorApp.Test.csproj", "{2870BB8F-A433-4B79-BDAF-F36830C800E5}"
EndProject
Global
	GlobalSection(SolutionConfigurationPlatforms) = preSolution
		Debug|Any CPU = Debug|Any CPU
		Release|Any CPU = Release|Any CPU
	EndGlobalSection
	GlobalSection(SolutionProperties) = preSolution
		HideSolutionNode = FALSE
	EndGlobalSection
	GlobalSection(ProjectConfigurationPlatforms) = postSolution
		{51C88ACF-0D32-49EA-9431-1D586449A461}.Debug|Any CPU.ActiveCfg = Debug|Any CPU
		{51C88ACF-0D32-49EA-9431-1D586449A461}.Debug|Any CPU.Build.0 = Debug|Any CPU
		{51C88ACF-0D32-49EA-9431-1D586449A461}.Release|Any CPU.ActiveCfg = Release|Any CPU
		{51C88ACF-0D32-49EA-9431-1D586449A461}.Release|Any CPU.Build.0 = Release|Any CPU
		{2870BB8F-A433-4B79-BDAF-F36830C800E5}.Debug|Any CPU.ActiveCfg = Debug|Any CPU
		{2870BB8F-A433-4B79-BDAF-F36830C800E5}.Debug|Any CPU.Build.0 = Debug|Any CPU
		{2870BB8F-A433-4B79-BDAF-F36830C800E5}.Release|Any CPU.ActiveCfg = Release|Any CPU
		{2870BB8F-A433-4B79-BDAF-F36830C800E5}.Release|Any CPU.Build.0 = Release|Any CPU
	EndGlobalSection
EndGlobal
